
Microsoft Visual Studio Solution File, Format Version 12.00
# Visual Studio Version 17
VisualStudioVersion = 17.7.34031.279
MinimumVisualStudioVersion = 10.0.40219.1
Project("{FAE04EC0-301F-11D3-BF4B-00C04F79EFBC}") = "WakeOnLan_WPF", "WakeOnLan_WPF\WakeOnLan_WPF.csproj", "{0D07CEDD-2547-4998-BA13-C19F042509C8}"
EndProject
Global
	GlobalSection(SolutionConfigurationPlatforms) = preSolution
		Debug|Any CPU = Debug|Any CPU
		Release|Any CPU = Release|Any CPU
	EndGlobalSection
	GlobalSection(ProjectConfigurationPlatforms) = postSolution
		{0D07CEDD-2547-4998-BA13-C19F042509C8}.Debug|Any CPU.ActiveCfg = Debug|Any CPU
		{0D07CEDD-2547-4998-BA13-C19F042509C8}.Debug|Any CPU.Build.0 = Debug|Any CPU
		{0D07CEDD-2547-4998-BA13-C19F042509C8}.Release|Any CPU.ActiveCfg = Release|Any CPU
		{0D07CEDD-2547-4998-BA13-C19F042509C8}.Release|Any CPU.Build.0 = Release|Any CPU
	EndGlobalSection
	GlobalSection(SolutionProperties) = preSolution
		HideSolutionNode = FALSE
	EndGlobalSection
	GlobalSection(ExtensibilityGlobals) = postSolution
		SolutionGuid = {25CF3448-4F91-4BA9-AF6C-CEC2BEE52740}
	EndGlobalSection
EndGlobal
